
Microsoft Visual Studio Solution File, Format Version 12.00
# Visual Studio Version 16
VisualStudioVersion = 16.0.30804.86
MinimumVisualStudioVersion = 10.0.40219.1
Project("{9A19103F-16F7-4668-BE54-9A1E7A4F7556}") = "CalculatorViewModel", "CalculatorViewModel\CalculatorViewModel.csproj", "{486FC8D1-4628-4A9E-A77D-AABD1D2A2753}"
EndProject
Project("{9A19103F-16F7-4668-BE54-9A1E7A4F7556}") = "Calculator", "Calculator\Calculator.csproj", "{BED4B8D1-0D02-49B2-86EE-E1A8E85FCC0D}"
EndProject
Global
	GlobalSection(SolutionConfigurationPlatforms) = preSolution
		Debug|Any CPU = Debug|Any CPU
		Release|Any CPU = Release|Any CPU
	EndGlobalSection
	GlobalSection(ProjectConfigurationPlatforms) = postSolution
		{486FC8D1-4628-4A9E-A77D-AABD1D2A2753}.Debug|Any CPU.ActiveCfg = Debug|Any CPU
		{486FC8D1-4628-4A9E-A77D-AABD1D2A2753}.Debug|Any CPU.Build.0 = Debug|Any CPU
		{486FC8D1-4628-4A9E-A77D-AABD1D2A2753}.Release|Any CPU.ActiveCfg = Release|Any CPU
		{486FC8D1-4628-4A9E-A77D-AABD1D2A2753}.Release|Any CPU.Build.0 = Release|Any CPU
		{BED4B8D1-0D02-49B2-86EE-E1A8E85FCC0D}.Debug|Any CPU.ActiveCfg = Debug|Any CPU
		{BED4B8D1-0D02-49B2-86EE-E1A8E85FCC0D}.Debug|Any CPU.Build.0 = Debug|Any CPU
		{BED4B8D1-0D02-49B2-86EE-E1A8E85FCC0D}.Release|Any CPU.ActiveCfg = Release|Any CPU
		{BED4B8D1-0D02-49B2-86EE-E1A8E85FCC0D}.Release|Any CPU.Build.0 = Release|Any CPU
	EndGlobalSection
	GlobalSection(SolutionProperties) = preSolution
		HideSolutionNode = FALSE
	EndGlobalSection
	GlobalSection(ExtensibilityGlobals) = postSolution
		SolutionGuid = {90390B6C-1795-4441-BE5C-6809822C82E6}
	EndGlobalSection
EndGlobal
