
Microsoft Visual Studio Solution File, Format Version 12.00
# Visual Studio Version 16
VisualStudioVersion = 16.0.30804.86
MinimumVisualStudioVersion = 10.0.40219.1
Project("{9A19103F-16F7-4668-BE54-9A1E7A4F7556}") = "CalculatorViewModel", "CalculatorViewModel\CalculatorViewModel.csproj", "{486FC8D1-4628-4A9E-A77D-AABD1D2A2753}"
EndProject
Project("{9A19103F-16F7-4668-BE54-9A1E7A4F7556}") = "Calculator", "Calculator\Calculator.csproj", "{BED4B8D1-0D02-49B2-86EE-E1A8E85FCC0D}"
EndProject
Project("{8BC9CEB8-8B4A-11D0-8D11-00A0C91BC942}") = "Add", "Add\Add.vcxproj", "{87774C85-60D3-480D-8BE8-9E25250D1599}"
EndProject
Project("{FAE04EC0-301F-11D3-BF4B-00C04F79EFBC}") = "WpfApp1", "WpfApp1\WpfApp1.csproj", "{CEE750AA-A7A2-4745-8883-90689D54B3C8}"
EndProject
Project("{FAE04EC0-301F-11D3-BF4B-00C04F79EFBC}") = "WrapperDotnet", "WrapperDotnet\WrapperDotnet.csproj", "{30B36A8F-6122-4684-AD69-6FF122C00203}"
EndProject
Project("{2150E333-8FDC-42A3-9474-1A3956D46DE8}") = "CalculatorApp", "CalculatorApp", "{70C6628D-4E89-4BD2-8346-91CB1A5E6F6B}"
EndProject
Project("{2150E333-8FDC-42A3-9474-1A3956D46DE8}") = "WrapperApp", "WrapperApp", "{68B36B80-7476-4ABC-8EED-0A9362E42134}"
EndProject
Global
	GlobalSection(SolutionConfigurationPlatforms) = preSolution
		Debug|Any CPU = Debug|Any CPU
		Debug|x64 = Debug|x64
		Debug|x86 = Debug|x86
		Release|Any CPU = Release|Any CPU
		Release|x64 = Release|x64
		Release|x86 = Release|x86
	EndGlobalSection
	GlobalSection(ProjectConfigurationPlatforms) = postSolution
		{486FC8D1-4628-4A9E-A77D-AABD1D2A2753}.Debug|Any CPU.ActiveCfg = Debug|Any CPU
		{486FC8D1-4628-4A9E-A77D-AABD1D2A2753}.Debug|Any CPU.Build.0 = Debug|Any CPU
		{486FC8D1-4628-4A9E-A77D-AABD1D2A2753}.Debug|x64.ActiveCfg = Debug|Any CPU
		{486FC8D1-4628-4A9E-A77D-AABD1D2A2753}.Debug|x64.Build.0 = Debug|Any CPU
		{486FC8D1-4628-4A9E-A77D-AABD1D2A2753}.Debug|x86.ActiveCfg = Debug|Any CPU
		{486FC8D1-4628-4A9E-A77D-AABD1D2A2753}.Debug|x86.Build.0 = Debug|Any CPU
		{486FC8D1-4628-4A9E-A77D-AABD1D2A2753}.Release|Any CPU.ActiveCfg = Release|Any CPU
		{486FC8D1-4628-4A9E-A77D-AABD1D2A2753}.Release|Any CPU.Build.0 = Release|Any CPU
		{486FC8D1-4628-4A9E-A77D-AABD1D2A2753}.Release|x64.ActiveCfg = Release|Any CPU
		{486FC8D1-4628-4A9E-A77D-AABD1D2A2753}.Release|x64.Build.0 = Release|Any CPU
		{486FC8D1-4628-4A9E-A77D-AABD1D2A2753}.Release|x86.ActiveCfg = Release|Any CPU
		{486FC8D1-4628-4A9E-A77D-AABD1D2A2753}.Release|x86.Build.0 = Release|Any CPU
		{BED4B8D1-0D02-49B2-86EE-E1A8E85FCC0D}.Debug|Any CPU.ActiveCfg = Debug|Any CPU
		{BED4B8D1-0D02-49B2-86EE-E1A8E85FCC0D}.Debug|Any CPU.Build.0 = Debug|Any CPU
		{BED4B8D1-0D02-49B2-86EE-E1A8E85FCC0D}.Debug|x64.ActiveCfg = Debug|Any CPU
		{BED4B8D1-0D02-49B2-86EE-E1A8E85FCC0D}.Debug|x64.Build.0 = Debug|Any CPU
		{BED4B8D1-0D02-49B2-86EE-E1A8E85FCC0D}.Debug|x86.ActiveCfg = Debug|Any CPU
		{BED4B8D1-0D02-49B2-86EE-E1A8E85FCC0D}.Debug|x86.Build.0 = Debug|Any CPU
		{BED4B8D1-0D02-49B2-86EE-E1A8E85FCC0D}.Release|Any CPU.ActiveCfg = Release|Any CPU
		{BED4B8D1-0D02-49B2-86EE-E1A8E85FCC0D}.Release|Any CPU.Build.0 = Release|Any CPU
		{BED4B8D1-0D02-49B2-86EE-E1A8E85FCC0D}.Release|x64.ActiveCfg = Release|Any CPU
		{BED4B8D1-0D02-49B2-86EE-E1A8E85FCC0D}.Release|x64.Build.0 = Release|Any CPU
		{BED4B8D1-0D02-49B2-86EE-E1A8E85FCC0D}.Release|x86.ActiveCfg = Release|Any CPU
		{BED4B8D1-0D02-49B2-86EE-E1A8E85FCC0D}.Release|x86.Build.0 = Release|Any CPU
		{87774C85-60D3-480D-8BE8-9E25250D1599}.Debug|Any CPU.ActiveCfg = Debug|Win32
		{87774C85-60D3-480D-8BE8-9E25250D1599}.Debug|x64.ActiveCfg = Debug|x64
		{87774C85-60D3-480D-8BE8-9E25250D1599}.Debug|x64.Build.0 = Debug|x64
		{87774C85-60D3-480D-8BE8-9E25250D1599}.Debug|x86.ActiveCfg = Debug|Win32
		{87774C85-60D3-480D-8BE8-9E25250D1599}.Debug|x86.Build.0 = Debug|Win32
		{87774C85-60D3-480D-8BE8-9E25250D1599}.Release|Any CPU.ActiveCfg = Release|Win32
		{87774C85-60D3-480D-8BE8-9E25250D1599}.Release|x64.ActiveCfg = Release|x64
		{87774C85-60D3-480D-8BE8-9E25250D1599}.Release|x64.Build.0 = Release|x64
		{87774C85-60D3-480D-8BE8-9E25250D1599}.Release|x86.ActiveCfg = Release|Win32
		{87774C85-60D3-480D-8BE8-9E25250D1599}.Release|x86.Build.0 = Release|Win32
		{CEE750AA-A7A2-4745-8883-90689D54B3C8}.Debug|Any CPU.ActiveCfg = Debug|Any CPU
		{CEE750AA-A7A2-4745-8883-90689D54B3C8}.Debug|Any CPU.Build.0 = Debug|Any CPU
		{CEE750AA-A7A2-4745-8883-90689D54B3C8}.Debug|x64.ActiveCfg = Debug|Any CPU
		{CEE750AA-A7A2-4745-8883-90689D54B3C8}.Debug|x64.Build.0 = Debug|Any CPU
		{CEE750AA-A7A2-4745-8883-90689D54B3C8}.Debug|x86.ActiveCfg = Debug|Any CPU
		{CEE750AA-A7A2-4745-8883-90689D54B3C8}.Debug|x86.Build.0 = Debug|Any CPU
		{CEE750AA-A7A2-4745-8883-90689D54B3C8}.Release|Any CPU.ActiveCfg = Release|Any CPU
		{CEE750AA-A7A2-4745-8883-90689D54B3C8}.Release|Any CPU.Build.0 = Release|Any CPU
		{CEE750AA-A7A2-4745-8883-90689D54B3C8}.Release|x64.ActiveCfg = Release|Any CPU
		{CEE750AA-A7A2-4745-8883-90689D54B3C8}.Release|x64.Build.0 = Release|Any CPU
		{CEE750AA-A7A2-4745-8883-90689D54B3C8}.Release|x86.ActiveCfg = Release|Any CPU
		{CEE750AA-A7A2-4745-8883-90689D54B3C8}.Release|x86.Build.0 = Release|Any CPU
		{30B36A8F-6122-4684-AD69-6FF122C00203}.Debug|Any CPU.ActiveCfg = Debug|Any CPU
		{30B36A8F-6122-4684-AD69-6FF122C00203}.Debug|Any CPU.Build.0 = Debug|Any CPU
		{30B36A8F-6122-4684-AD69-6FF122C00203}.Debug|x64.ActiveCfg = Debug|Any CPU
		{30B36A8F-6122-4684-AD69-6FF122C00203}.Debug|x64.Build.0 = Debug|Any CPU
		{30B36A8F-6122-4684-AD69-6FF122C00203}.Debug|x86.ActiveCfg = Debug|Any CPU
		{30B36A8F-6122-4684-AD69-6FF122C00203}.Debug|x86.Build.0 = Debug|Any CPU
		{30B36A8F-6122-4684-AD69-6FF122C00203}.Release|Any CPU.ActiveCfg = Release|Any CPU
		{30B36A8F-6122-4684-AD69-6FF122C00203}.Release|Any CPU.Build.0 = Release|Any CPU
		{30B36A8F-6122-4684-AD69-6FF122C00203}.Release|x64.ActiveCfg = Release|Any CPU
		{30B36A8F-6122-4684-AD69-6FF122C00203}.Release|x64.Build.0 = Release|Any CPU
		{30B36A8F-6122-4684-AD69-6FF122C00203}.Release|x86.ActiveCfg = Release|Any CPU
		{30B36A8F-6122-4684-AD69-6FF122C00203}.Release|x86.Build.0 = Release|Any CPU
	EndGlobalSection
	GlobalSection(SolutionProperties) = preSolution
		HideSolutionNode = FALSE
	EndGlobalSection
	GlobalSection(NestedProjects) = preSolution
		{486FC8D1-4628-4A9E-A77D-AABD1D2A2753} = {70C6628D-4E89-4BD2-8346-91CB1A5E6F6B}
		{BED4B8D1-0D02-49B2-86EE-E1A8E85FCC0D} = {70C6628D-4E89-4BD2-8346-91CB1A5E6F6B}
		{87774C85-60D3-480D-8BE8-9E25250D1599} = {68B36B80-7476-4ABC-8EED-0A9362E42134}
		{CEE750AA-A7A2-4745-8883-90689D54B3C8} = {68B36B80-7476-4ABC-8EED-0A9362E42134}
		{30B36A8F-6122-4684-AD69-6FF122C00203} = {68B36B80-7476-4ABC-8EED-0A9362E42134}
	EndGlobalSection
	GlobalSection(ExtensibilityGlobals) = postSolution
		SolutionGuid = {90390B6C-1795-4441-BE5C-6809822C82E6}
	EndGlobalSection
EndGlobal
